
Microsoft Visual Studio Solution File, Format Version 12.00
# Visual Studio Version 17
VisualStudioVersion = 17.8.34330.188
MinimumVisualStudioVersion = 10.0.40219.1
Project("{FAE04EC0-301F-11D3-BF4B-00C04F79EFBC}") = "AppForLauncher", "AppForLauncher\AppForLauncher.csproj", "{846458BE-2874-4281-9238-A9082EE9D141}"
EndProject
Global
	GlobalSection(SolutionConfigurationPlatforms) = preSolution
		Debug|Any CPU = Debug|Any CPU
		Release|Any CPU = Release|Any CPU
	EndGlobalSection
	GlobalSection(ProjectConfigurationPlatforms) = postSolution
		{846458BE-2874-4281-9238-A9082EE9D141}.Debug|Any CPU.ActiveCfg = Debug|Any CPU
		{846458BE-2874-4281-9238-A9082EE9D141}.Debug|Any CPU.Build.0 = Debug|Any CPU
		{846458BE-2874-4281-9238-A9082EE9D141}.Release|Any CPU.ActiveCfg = Release|Any CPU
		{846458BE-2874-4281-9238-A9082EE9D141}.Release|Any CPU.Build.0 = Release|Any CPU
	EndGlobalSection
	GlobalSection(SolutionProperties) = preSolution
		HideSolutionNode = FALSE
	EndGlobalSection
	GlobalSection(ExtensibilityGlobals) = postSolution
		SolutionGuid = {8BC8E16E-18DF-4450-9299-1844511B0E1B}
	EndGlobalSection
EndGlobal
